// !$*UTF8*$!
{
	archiveVersion = 1;
	classes = {
	};
	objectVersion = 48;
	objects = {

/* Begin PBXBuildFile section */
		A518B7D4210F6D5A004D6EBB /* SCParser.h in Headers */ = {isa = PBXBuildFile; fileRef = A5AF19022098F3B400EF17FB /* SCParser.h */; settings = {ATTRIBUTES = (Public, ); }; };
		A518B7D5210F6D5D004D6EBB /* SCParser.m in Sources */ = {isa = PBXBuildFile; fileRef = A5AF19032098F3B400EF17FB /* SCParser.m */; };
		A518B7DB210F6DB3004D6EBB /* Foundation.framework in Frameworks */ = {isa = PBXBuildFile; fileRef = A518B7D7210F6D77004D6EBB /* Foundation.framework */; };
/* End PBXBuildFile section */

/* Begin PBXFileReference section */
		A518B7BF210F6AA0004D6EBB /* SCParser.framework */ = {isa = PBXFileReference; explicitFileType = wrapper.framework; includeInIndex = 0; path = SCParser.framework; sourceTree = BUILT_PRODUCTS_DIR; };
		A518B7D7210F6D77004D6EBB /* Foundation.framework */ = {isa = PBXFileReference; lastKnownFileType = wrapper.framework; name = Foundation.framework; path = System/Library/Frameworks/Foundation.framework; sourceTree = SDKROOT; };
		A5AF19022098F3B400EF17FB /* SCParser.h */ = {isa = PBXFileReference; lastKnownFileType = sourcecode.c.h; path = SCParser.h; sourceTree = "<group>"; };
		A5AF19032098F3B400EF17FB /* SCParser.m */ = {isa = PBXFileReference; lastKnownFileType = sourcecode.c.objc; path = SCParser.m; sourceTree = "<group>"; };
/* End PBXFileReference section */

/* Begin PBXFrameworksBuildPhase section */
		A518B7BC210F6AA0004D6EBB /* Frameworks */ = {
			isa = PBXFrameworksBuildPhase;
			buildActionMask = 2147483647;
			files = (
				A518B7DB210F6DB3004D6EBB /* Foundation.framework in Frameworks */,
			);
			runOnlyForDeploymentPostprocessing = 0;
		};
/* End PBXFrameworksBuildPhase section */

/* Begin PBXGroup section */
		A518B7D6210F6D77004D6EBB /* Frameworks */ = {
			isa = PBXGroup;
			children = (
				A518B7D7210F6D77004D6EBB /* Foundation.framework */,
			);
			name = Frameworks;
			sourceTree = "<group>";
		};
		A5A4B00B21FF9E33001A1CE4 /* Public */ = {
			isa = PBXGroup;
			children = (
				A5AF19022098F3B400EF17FB /* SCParser.h */,
				A5AF19032098F3B400EF17FB /* SCParser.m */,
			);
			path = Public;
			sourceTree = "<group>";
		};
		A5AF18F62098F3B400EF17FB = {
			isa = PBXGroup;
			children = (
				A5AF19012098F3B400EF17FB /* Classes */,
				A518B7D6210F6D77004D6EBB /* Frameworks */,
				A5AF19002098F3B400EF17FB /* Products */,
			);
			sourceTree = "<group>";
		};
		A5AF19002098F3B400EF17FB /* Products */ = {
			isa = PBXGroup;
			children = (
				A518B7BF210F6AA0004D6EBB /* SCParser.framework */,
			);
			name = Products;
			sourceTree = "<group>";
		};
		A5AF19012098F3B400EF17FB /* Classes */ = {
			isa = PBXGroup;
			children = (
				A5A4B00B21FF9E33001A1CE4 /* Public */,
			);
			path = Classes;
			sourceTree = "<group>";
		};
/* End PBXGroup section */

/* Begin PBXHeadersBuildPhase section */
		A518B7BA210F6AA0004D6EBB /* Headers */ = {
			isa = PBXHeadersBuildPhase;
			buildActionMask = 2147483647;
			files = (
				A518B7D4210F6D5A004D6EBB /* SCParser.h in Headers */,
			);
			runOnlyForDeploymentPostprocessing = 0;
		};
/* End PBXHeadersBuildPhase section */

/* Begin PBXNativeTarget section */
		A518B7BE210F6AA0004D6EBB /* SCParser */ = {
			isa = PBXNativeTarget;
			buildConfigurationList = A518B7C4210F6AA0004D6EBB /* Build configuration list for PBXNativeTarget "SCParser" */;
			buildPhases = (
				A518B7BA210F6AA0004D6EBB /* Headers */,
				A518B7BB210F6AA0004D6EBB /* Sources */,
				A518B7BC210F6AA0004D6EBB /* Frameworks */,
			);
			buildRules = (
			);
			dependencies = (
			);
			name = SCParser;
			productName = SCParser;
			productReference = A518B7BF210F6AA0004D6EBB /* SCParser.framework */;
			productType = "com.apple.product-type.framework";
		};
/* End PBXNativeTarget section */

/* Begin PBXProject section */
		A5AF18F72098F3B400EF17FB /* Project object */ = {
			isa = PBXProject;
			attributes = {
				LastUpgradeCheck = 1000;
				ORGANIZATIONNAME = "Даниил";
				TargetAttributes = {
					A518B7BE210F6AA0004D6EBB = {
						CreatedOnToolsVersion = 10.0;
					};
				};
			};
			buildConfigurationList = A5AF18FA2098F3B400EF17FB /* Build configuration list for PBXProject "SCParser" */;
			compatibilityVersion = "Xcode 8.0";
			developmentRegion = en;
			hasScannedForEncodings = 0;
			knownRegions = (
				en,
			);
			mainGroup = A5AF18F62098F3B400EF17FB;
			productRefGroup = A5AF19002098F3B400EF17FB /* Products */;
			projectDirPath = "";
			projectRoot = "";
			targets = (
				A518B7BE210F6AA0004D6EBB /* SCParser */,
			);
		};
/* End PBXProject section */

/* Begin PBXSourcesBuildPhase section */
		A518B7BB210F6AA0004D6EBB /* Sources */ = {
			isa = PBXSourcesBuildPhase;
			buildActionMask = 2147483647;
			files = (
				A518B7D5210F6D5D004D6EBB /* SCParser.m in Sources */,
			);
			runOnlyForDeploymentPostprocessing = 0;
		};
/* End PBXSourcesBuildPhase section */

/* Begin XCBuildConfiguration section */
		A518B7C5210F6AA0004D6EBB /* Release */ = {
			isa = XCBuildConfiguration;
			buildSettings = {
				CODE_SIGN_IDENTITY = "iPhone Developer";
				DEVELOPMENT_TEAM = VW97WHTS78;
				INFOPLIST_FILE = "$(SRCROOT)/SCParser/Info.plist";
				PRODUCT_BUNDLE_IDENTIFIER = ru.danpashin.SCParser;
				TARGETED_DEVICE_FAMILY = "1,2";
			};
			name = Release;
		};
		A5AF19072098F3B400EF17FB /* Release */ = {
			isa = XCBuildConfiguration;
			buildSettings = {
				CLANG_ANALYZER_NONNULL = YES;
				CLANG_ANALYZER_NUMBER_OBJECT_CONVERSION = YES_AGGRESSIVE;
				CLANG_ANALYZER_SECURITY_FLOATLOOPCOUNTER = YES;
				CLANG_ANALYZER_SECURITY_INSECUREAPI_RAND = YES;
				CLANG_ANALYZER_SECURITY_INSECUREAPI_STRCPY = YES;
				CLANG_ENABLE_MODULES = YES;
				CLANG_ENABLE_OBJC_ARC = YES;
				CLANG_UNDEFINED_BEHAVIOR_SANITIZER_INTEGER = YES;
				CLANG_UNDEFINED_BEHAVIOR_SANITIZER_NULLABILITY = YES;
				CLANG_WARN_ASSIGN_ENUM = YES;
				CLANG_WARN_BLOCK_CAPTURE_AUTORELEASING = YES;
				CLANG_WARN_BOOL_CONVERSION = YES;
				CLANG_WARN_COMMA = YES;
				CLANG_WARN_CONSTANT_CONVERSION = YES;
				CLANG_WARN_DEPRECATED_OBJC_IMPLEMENTATIONS = YES;
				CLANG_WARN_DIRECT_OBJC_ISA_USAGE = YES_ERROR;
				CLANG_WARN_DOCUMENTATION_COMMENTS = YES;
				CLANG_WARN_EMPTY_BODY = YES;
				CLANG_WARN_ENUM_CONVERSION = YES;
				CLANG_WARN_INFINITE_RECURSION = YES;
				CLANG_WARN_INT_CONVERSION = YES;
				CLANG_WARN_NON_LITERAL_NULL_CONVERSION = YES;
				CLANG_WARN_OBJC_EXPLICIT_OWNERSHIP_TYPE = YES;
				CLANG_WARN_OBJC_IMPLICIT_RETAIN_SELF = YES;
				CLANG_WARN_OBJC_LITERAL_CONVERSION = YES;
				CLANG_WARN_OBJC_ROOT_CLASS = YES_ERROR;
				CLANG_WARN_STRICT_PROTOTYPES = YES;
				CLANG_WARN_SUSPICIOUS_IMPLICIT_CONVERSION = YES;
				CLANG_WARN_UNGUARDED_AVAILABILITY = YES_AGGRESSIVE;
				CLANG_WARN_UNREACHABLE_CODE = YES;
				CLANG_WARN__DUPLICATE_METHOD_MATCH = YES;
				CODE_SIGN_IDENTITY = "iPhone Developer";
				COPY_PHASE_STRIP = NO;
				ENABLE_STRICT_OBJC_MSGSEND = YES;
				GCC_NO_COMMON_BLOCKS = YES;
				GCC_OPTIMIZATION_LEVEL = fast;
				GCC_TREAT_INCOMPATIBLE_POINTER_TYPE_WARNINGS_AS_ERRORS = YES;
				GCC_WARN_64_TO_32_BIT_CONVERSION = YES;
				GCC_WARN_ABOUT_MISSING_FIELD_INITIALIZERS = YES;
				GCC_WARN_ABOUT_MISSING_NEWLINE = YES;
				GCC_WARN_ABOUT_RETURN_TYPE = YES_ERROR;
				GCC_WARN_FOUR_CHARACTER_CONSTANTS = YES;
				GCC_WARN_INITIALIZER_NOT_FULLY_BRACKETED = YES;
				GCC_WARN_SHADOW = YES;
				GCC_WARN_STRICT_SELECTOR_MATCH = YES;
				GCC_WARN_UNDECLARED_SELECTOR = YES;
				GCC_WARN_UNINITIALIZED_AUTOS = YES_AGGRESSIVE;
				GCC_WARN_UNKNOWN_PRAGMAS = YES;
				GCC_WARN_UNUSED_FUNCTION = YES;
				GCC_WARN_UNUSED_LABEL = YES;
				GCC_WARN_UNUSED_VARIABLE = YES;
				IPHONEOS_DEPLOYMENT_TARGET = 8.0;
				PRODUCT_BUNDLE_IDENTIFIER = ru.danpashin.SCParser;
				PRODUCT_NAME = SCParser;
				SDKROOT = iphoneos;
				SKIP_INSTALL = YES;
				SUPPORTED_PLATFORMS = iphoneos;
			};
			name = Release;
		};
/* End XCBuildConfiguration section */

/* Begin XCConfigurationList section */
		A518B7C4210F6AA0004D6EBB /* Build configuration list for PBXNativeTarget "SCParser" */ = {
			isa = XCConfigurationList;
			buildConfigurations = (
				A518B7C5210F6AA0004D6EBB /* Release */,
			);
			defaultConfigurationIsVisible = 0;
			defaultConfigurationName = Release;
		};
		A5AF18FA2098F3B400EF17FB /* Build configuration list for PBXProject "SCParser" */ = {
			isa = XCConfigurationList;
			buildConfigurations = (
				A5AF19072098F3B400EF17FB /* Release */,
			);
			defaultConfigurationIsVisible = 0;
			defaultConfigurationName = Release;
		};
/* End XCConfigurationList section */
	};
	rootObject = A5AF18F72098F3B400EF17FB /* Project object */;
}
